
Microsoft Visual Studio Solution File, Format Version 12.00
# Visual Studio Version 17
VisualStudioVersion = 17.8.34316.72
MinimumVisualStudioVersion = 10.0.40219.1
Project("{FAE04EC0-301F-11D3-BF4B-00C04F79EFBC}") = "Lab02", "Lab02\Lab02.csproj", "{27A82FE9-BBB1-4474-96FB-9B0922B4ADE2}"
EndProject
Global
	GlobalSection(SolutionConfigurationPlatforms) = preSolution
		Debug|Any CPU = Debug|Any CPU
		Release|Any CPU = Release|Any CPU
	EndGlobalSection
	GlobalSection(ProjectConfigurationPlatforms) = postSolution
		{27A82FE9-BBB1-4474-96FB-9B0922B4ADE2}.Debug|Any CPU.ActiveCfg = Debug|Any CPU
		{27A82FE9-BBB1-4474-96FB-9B0922B4ADE2}.Debug|Any CPU.Build.0 = Debug|Any CPU
		{27A82FE9-BBB1-4474-96FB-9B0922B4ADE2}.Release|Any CPU.ActiveCfg = Release|Any CPU
		{27A82FE9-BBB1-4474-96FB-9B0922B4ADE2}.Release|Any CPU.Build.0 = Release|Any CPU
	EndGlobalSection
	GlobalSection(SolutionProperties) = preSolution
		HideSolutionNode = FALSE
	EndGlobalSection
	GlobalSection(ExtensibilityGlobals) = postSolution
		SolutionGuid = {EFF9EC12-70ED-4D5F-9C4E-BF5D60F71CB6}
	EndGlobalSection
EndGlobal
