
Microsoft Visual Studio Solution File, Format Version 12.00
# Visual Studio Version 17
VisualStudioVersion = 17.13.35931.197 d17.13
MinimumVisualStudioVersion = 10.0.40219.1
Project("{FAE04EC0-301F-11D3-BF4B-00C04F79EFBC}") = "AdivinaNumero", "AdivinaNumero\AdivinaNumero.csproj", "{A2B4C78C-DE72-40AC-944C-380F7F61DE8C}"
EndProject
Project("{FAE04EC0-301F-11D3-BF4B-00C04F79EFBC}") = "Consola", "Consola\Consola.csproj", "{81BFFCA1-7BD1-47ED-83B5-F04C7FB1B375}"
EndProject
Global
	GlobalSection(SolutionConfigurationPlatforms) = preSolution
		Debug|Any CPU = Debug|Any CPU
		Release|Any CPU = Release|Any CPU
	EndGlobalSection
	GlobalSection(ProjectConfigurationPlatforms) = postSolution
		{A2B4C78C-DE72-40AC-944C-380F7F61DE8C}.Debug|Any CPU.ActiveCfg = Debug|Any CPU
		{A2B4C78C-DE72-40AC-944C-380F7F61DE8C}.Debug|Any CPU.Build.0 = Debug|Any CPU
		{A2B4C78C-DE72-40AC-944C-380F7F61DE8C}.Release|Any CPU.ActiveCfg = Release|Any CPU
		{A2B4C78C-DE72-40AC-944C-380F7F61DE8C}.Release|Any CPU.Build.0 = Release|Any CPU
		{81BFFCA1-7BD1-47ED-83B5-F04C7FB1B375}.Debug|Any CPU.ActiveCfg = Debug|Any CPU
		{81BFFCA1-7BD1-47ED-83B5-F04C7FB1B375}.Debug|Any CPU.Build.0 = Debug|Any CPU
		{81BFFCA1-7BD1-47ED-83B5-F04C7FB1B375}.Release|Any CPU.ActiveCfg = Release|Any CPU
		{81BFFCA1-7BD1-47ED-83B5-F04C7FB1B375}.Release|Any CPU.Build.0 = Release|Any CPU
	EndGlobalSection
	GlobalSection(SolutionProperties) = preSolution
		HideSolutionNode = FALSE
	EndGlobalSection
	GlobalSection(ExtensibilityGlobals) = postSolution
		SolutionGuid = {A248395B-3607-488D-84A9-6E7006132753}
	EndGlobalSection
EndGlobal
