
Microsoft Visual Studio Solution File, Format Version 12.00
# Visual Studio Version 17
VisualStudioVersion = 17.8.34316.72
MinimumVisualStudioVersion = 10.0.40219.1
Project("{FAE04EC0-301F-11D3-BF4B-00C04F79EFBC}") = "Lab01", "Lab01\Lab01.csproj", "{84EEE3B2-4549-46E6-94F4-6B4275FC56C6}"
EndProject
Global
	GlobalSection(SolutionConfigurationPlatforms) = preSolution
		Debug|Any CPU = Debug|Any CPU
		Release|Any CPU = Release|Any CPU
	EndGlobalSection
	GlobalSection(ProjectConfigurationPlatforms) = postSolution
		{84EEE3B2-4549-46E6-94F4-6B4275FC56C6}.Debug|Any CPU.ActiveCfg = Debug|Any CPU
		{84EEE3B2-4549-46E6-94F4-6B4275FC56C6}.Debug|Any CPU.Build.0 = Debug|Any CPU
		{84EEE3B2-4549-46E6-94F4-6B4275FC56C6}.Release|Any CPU.ActiveCfg = Release|Any CPU
		{84EEE3B2-4549-46E6-94F4-6B4275FC56C6}.Release|Any CPU.Build.0 = Release|Any CPU
	EndGlobalSection
	GlobalSection(SolutionProperties) = preSolution
		HideSolutionNode = FALSE
	EndGlobalSection
	GlobalSection(ExtensibilityGlobals) = postSolution
		SolutionGuid = {832E88B8-3D57-45F5-AE56-0BA88B9867FA}
	EndGlobalSection
EndGlobal
