
Microsoft Visual Studio Solution File, Format Version 12.00
# Visual Studio Version 17
VisualStudioVersion = 17.13.35931.197 d17.13
MinimumVisualStudioVersion = 10.0.40219.1
Project("{FAE04EC0-301F-11D3-BF4B-00C04F79EFBC}") = "LabClases1", "LabClases1\LabClases1.csproj", "{8E79FAFF-C634-43C5-BFA4-DA67DA288B01}"
EndProject
Project("{FAE04EC0-301F-11D3-BF4B-00C04F79EFBC}") = "Clases", "Clases\Clases.csproj", "{FC50241A-901A-41AD-8893-60B5FA7AA74E}"
EndProject
Global
	GlobalSection(SolutionConfigurationPlatforms) = preSolution
		Debug|Any CPU = Debug|Any CPU
		Release|Any CPU = Release|Any CPU
	EndGlobalSection
	GlobalSection(ProjectConfigurationPlatforms) = postSolution
		{8E79FAFF-C634-43C5-BFA4-DA67DA288B01}.Debug|Any CPU.ActiveCfg = Debug|Any CPU
		{8E79FAFF-C634-43C5-BFA4-DA67DA288B01}.Debug|Any CPU.Build.0 = Debug|Any CPU
		{8E79FAFF-C634-43C5-BFA4-DA67DA288B01}.Release|Any CPU.ActiveCfg = Release|Any CPU
		{8E79FAFF-C634-43C5-BFA4-DA67DA288B01}.Release|Any CPU.Build.0 = Release|Any CPU
		{FC50241A-901A-41AD-8893-60B5FA7AA74E}.Debug|Any CPU.ActiveCfg = Debug|Any CPU
		{FC50241A-901A-41AD-8893-60B5FA7AA74E}.Debug|Any CPU.Build.0 = Debug|Any CPU
		{FC50241A-901A-41AD-8893-60B5FA7AA74E}.Release|Any CPU.ActiveCfg = Release|Any CPU
		{FC50241A-901A-41AD-8893-60B5FA7AA74E}.Release|Any CPU.Build.0 = Release|Any CPU
	EndGlobalSection
	GlobalSection(SolutionProperties) = preSolution
		HideSolutionNode = FALSE
	EndGlobalSection
	GlobalSection(ExtensibilityGlobals) = postSolution
		SolutionGuid = {3BD1669B-C09B-4AEC-960A-D437D1649B6E}
	EndGlobalSection
EndGlobal
